github.com/vmware-tanzu/graph-framework-for-microservices/nexus v0.0.0-20231031085545-baa1f0ece453 h1:f36VIvLQKB3fi1433zTJMpWjSi7IGa/SpVxEr6QnnTs=
github.com/vmware-tanzu/graph-framework-for-microservices/nexus v0.0.0-20231031085545-baa1f0ece453/go.mod h1:C2tsWMBk3aZKK95aRZWXiJk2CI/w9rHoqSu6xtZsA8A=
